
Microsoft Visual Studio Solution File, Format Version 12.00
# Visual Studio 2017
Project("{FAE04EC0-301F-11D3-BF4B-00C04F79EFBC}") = "DBConnection", "DBConnection.csproj", "{791D5692-0D9B-4428-9DF8-A9540382A2EA}"
EndProject
Global
	GlobalSection(SolutionConfigurationPlatforms) = preSolution
		Debug|Any CPU = Debug|Any CPU
		Release|Any CPU = Release|Any CPU
	EndGlobalSection
	GlobalSection(ProjectConfigurationPlatforms) = postSolution
		{791D5692-0D9B-4428-9DF8-A9540382A2EA}.Debug|Any CPU.ActiveCfg = Debug|Any CPU
		{791D5692-0D9B-4428-9DF8-A9540382A2EA}.Debug|Any CPU.Build.0 = Debug|Any CPU
		{791D5692-0D9B-4428-9DF8-A9540382A2EA}.Release|Any CPU.ActiveCfg = Release|Any CPU
		{791D5692-0D9B-4428-9DF8-A9540382A2EA}.Release|Any CPU.Build.0 = Release|Any CPU
	EndGlobalSection
EndGlobal
